<?xml version="1.0" encoding="utf-8"?>
<Project ToolsVersion="4.0" xmlns="http://schemas.microsoft.com/developer/msbuild/2003">
  <ItemGroup>
    <ClCompile Include="Camera.cpp" />
    <ClCompile Include="CarDoor.cpp" />
    <ClCompile Include="Cuboid.cpp" />
    <ClCompile Include="Cylinder.cpp" />
    <ClCompile Include="Elevator.cpp" />
    <ClCompile Include="FamilyCar.cpp" />
    <ClCompile Include="Lighting.cpp" />
    <ClCompile Include="mwm.cpp" />
    <ClCompile Include="Point.cpp" />
    <ClCompile Include="Pyramid.cpp" />
    <ClCompile Include="ShowRoom.cpp" />
    <ClCompile Include="SkyBox.cpp" />
    <ClCompile Include="Sofa.cpp" />
    <ClCompile Include="Texture.cpp" />
    <ClCompile Include="CarBMW.cpp" />
    <ClCompile Include="ModelLoader.cpp" />
    <ClCompile Include="TimeOfDay.cpp" />
  </ItemGroup>
  <ItemGroup>
    <ClInclude Include="Camera.h" />
    <ClInclude Include="CarDoor.h" />
    <ClInclude Include="Cuboid.h" />
    <ClInclude Include="Cylinder.h" />
    <ClInclude Include="Door.h" />
    <ClInclude Include="Elevator.h" />
    <ClInclude Include="FamilyCar.h" />
    <ClInclude Include="Lighting.h" />
    <ClInclude Include="Point.h" />
    <ClInclude Include="Pyramid.h" />
    <ClInclude Include="ShowRoom.h" />
    <ClInclude Include="Skybox.h" />
    <ClInclude Include="Sofa.h" />
    <ClInclude Include="Texture.h" />
    <ClInclude Include="Types.h" />
    <ClInclude Include="Wheel.h" />
    <ClInclude Include="CarBMW.h" />
    <ClInclude Include="Materials.h" />
    <ClInclude Include="ModelLoader.h" />
    <ClInclude Include="TimeOfDay.h" />
  </ItemGroup>
</Project>