<?xml version="1.0" encoding="utf-8"?>
<Project ToolsVersion="4.0" xmlns="http://schemas.microsoft.com/developer/msbuild/2003">
  <ItemGroup>
    <ClCompile Include="Camera.cpp" />
    <ClCompile Include="Cuboid.cpp" />
    <ClCompile Include="Cylinder.cpp" />
    <ClCompile Include="Elevator.cpp" />
    <ClCompile Include="FamilyCar.cpp" />
    <ClCompile Include="Lighting.cpp" />
    <ClCompile Include="mwm.cpp" />
    <ClCompile Include="Point.cpp" />
    <ClCompile Include="Pyramid.cpp" />
    <ClCompile Include="ShowRoom.cpp" />
    <ClCompile Include="SkyBox.cpp" />
    <ClCompile Include="Sofa.cpp" />
    <ClCompile Include="Texture.cpp" />
    <ClCompile Include="CarBMW.cpp" />
    <ClCompile Include="ModelLoader.cpp" />
    <ClCompile Include="TimeOfDay.cpp" />
    <ClCompile Include="world.cpp" />
    <ClCompile Include="Terrain.cpp" />
    <ClCompile Include="Tree.cpp" />
    <ClCompile Include="Garden.cpp" />
    <ClCompile Include="Building.cpp" />
    <ClCompile Include="CityBlock.cpp" />
    <ClCompile Include="Road.cpp" />
    <ClCompile Include="NPCCar.cpp" />
    <ClCompile Include="TrafficSystem.cpp" />
  </ItemGroup>
  <ItemGroup>
    <ClInclude Include="Camera.h" />
    <ClInclude Include="Cuboid.h" />
    <ClInclude Include="Cylinder.h" />
    <ClInclude Include="Door.h" />
    <ClInclude Include="Elevator.h" />
    <ClInclude Include="FamilyCar.h" />
    <ClInclude Include="Lighting.h" />
    <ClInclude Include="Point.h" />
    <ClInclude Include="Pyramid.h" />
    <ClInclude Include="ShowRoom.h" />
    <ClInclude Include="Skybox.h" />
    <ClInclude Include="Sofa.h" />
    <ClInclude Include="Texture.h" />
    <ClInclude Include="Types.h" />
    <ClInclude Include="Wheel.h" />
    <ClInclude Include="CarBMW.h" />
    <ClInclude Include="Materials.h" />
    <ClInclude Include="ModelLoader.h" />
    <ClInclude Include="TimeOfDay.h" />
    <ClInclude Include="world.h" />
    <ClInclude Include="Terrain.h" />
    <ClInclude Include="Tree.h" />
    <ClInclude Include="Garden.h" />
    <ClInclude Include="Building.h" />
    <ClInclude Include="CityBlock.h" />
    <ClInclude Include="Road.h" />
    <ClInclude Include="NPCCar.h" />
    <ClInclude Include="TrafficSystem.h" />
    <ClInclude Include="..\..\..\..\Downloads\stb\stb_image.h" />
  </ItemGroup>
</Project>